# THIS IS AN AUTOGENERATED FILE. DO NOT EDIT THIS FILE DIRECTLY.
# yarn lockfile v1


fp-ts@^2.4.0:
  version "2.4.1"
  resolved "https://registry.yarnpkg.com/fp-ts/-/fp-ts-2.4.1.tgz#d20c785ff8179930922c7477c31f1ca44f763ae9"
  integrity sha512-dPal5+rPN7k4ciZ2+O0+i75bbp17uTUoRkWWqJpkKed7wVcA5y/2jH4ZhunzUrJPuaG+mN9ZNf0pv5P7u/k7JQ==

io-ts@^2.0.4:
  version "2.0.5"
  resolved "https://registry.yarnpkg.com/io-ts/-/io-ts-2.0.5.tgz#e6e3db9df8b047f9cbd6b69e7d2ad3e6437a0b13"
  integrity sha512-pL7uUptryanI5Glv+GUv7xh+aLBjxGEDmLwmEYNSx0yOD3djK0Nw5Bt0N6BAkv9LadOUU7QKpRsLcqnTh3UlLA==
