# THIS IS AN AUTOGENERATED FILE. DO NOT EDIT THIS FILE DIRECTLY.
# yarn lockfile v1


fp-ts@^2.4.0:
  version "2.4.1"
  resolved "https://registry.yarnpkg.com/fp-ts/-/fp-ts-2.4.1.tgz#d20c785ff8179930922c7477c31f1ca44f763ae9"
  integrity sha512-dPal5+rPN7k4ciZ2+O0+i75bbp17uTUoRkWWqJpkKed7wVcA5y/2jH4ZhunzUrJPuaG+mN9ZNf0pv5P7u/k7JQ==

io-ts@^2.0.6:
  version "2.0.6"
  resolved "https://registry.yarnpkg.com/io-ts/-/io-ts-2.0.6.tgz#49e65cb8508ace0329a45bfa94cd9d29d1e0cce5"
  integrity sha512-WNfGzm4csMVwL4hX6QlpQWu65SV6GmOUtDo259GKlLYH1cC5bpOENgYHqQIRJ9uR3FuU1RQKDke5STwHZAn3KA==
